
Microsoft Visual Studio Solution File, Format Version 12.00
# Visual Studio Version 17
VisualStudioVersion = 17.1.32328.378
MinimumVisualStudioVersion = 10.0.40219.1
Project("{8BC9CEB8-8B4A-11D0-8D11-00A0C91BC942}") = "APPClient_TCPExample", "APPClient_TCPExample\APPClient_TCPExample.vcxproj", "{5355A992-02B4-49CE-8E31-3AAEB9E79BE0}"
EndProject
Project("{8BC9CEB8-8B4A-11D0-8D11-00A0C91BC942}") = "APPClient_HTTPExample", "APPClient_HTTPExample\APPClient_HTTPExample.vcxproj", "{ADC88105-D90C-4F88-97D4-A1ED640C63C0}"
EndProject
Project("{8BC9CEB8-8B4A-11D0-8D11-00A0C91BC942}") = "APPClient_HTTP2Example", "APPClient_HTTP2Example\APPClient_HTTP2Example.vcxproj", "{A635874D-9AE7-41D1-965B-EA78E8536EF1}"
EndProject
Project("{8BC9CEB8-8B4A-11D0-8D11-00A0C91BC942}") = "APPClient_WSExample", "APPClient_WSExample\APPClient_WSExample.vcxproj", "{3CED8F31-8A52-42C8-9670-931DDAFC3D4E}"
EndProject
Global
	GlobalSection(SolutionConfigurationPlatforms) = preSolution
		Debug|x64 = Debug|x64
		Debug|x86 = Debug|x86
		Release|x64 = Release|x64
		Release|x86 = Release|x86
	EndGlobalSection
	GlobalSection(ProjectConfigurationPlatforms) = postSolution
		{5355A992-02B4-49CE-8E31-3AAEB9E79BE0}.Debug|x64.ActiveCfg = Debug|x64
		{5355A992-02B4-49CE-8E31-3AAEB9E79BE0}.Debug|x64.Build.0 = Debug|x64
		{5355A992-02B4-49CE-8E31-3AAEB9E79BE0}.Debug|x86.ActiveCfg = Debug|Win32
		{5355A992-02B4-49CE-8E31-3AAEB9E79BE0}.Debug|x86.Build.0 = Debug|Win32
		{5355A992-02B4-49CE-8E31-3AAEB9E79BE0}.Release|x64.ActiveCfg = Release|x64
		{5355A992-02B4-49CE-8E31-3AAEB9E79BE0}.Release|x64.Build.0 = Release|x64
		{5355A992-02B4-49CE-8E31-3AAEB9E79BE0}.Release|x86.ActiveCfg = Release|Win32
		{5355A992-02B4-49CE-8E31-3AAEB9E79BE0}.Release|x86.Build.0 = Release|Win32
		{ADC88105-D90C-4F88-97D4-A1ED640C63C0}.Debug|x64.ActiveCfg = Debug|x64
		{ADC88105-D90C-4F88-97D4-A1ED640C63C0}.Debug|x64.Build.0 = Debug|x64
		{ADC88105-D90C-4F88-97D4-A1ED640C63C0}.Debug|x86.ActiveCfg = Debug|Win32
		{ADC88105-D90C-4F88-97D4-A1ED640C63C0}.Debug|x86.Build.0 = Debug|Win32
		{ADC88105-D90C-4F88-97D4-A1ED640C63C0}.Release|x64.ActiveCfg = Release|x64
		{ADC88105-D90C-4F88-97D4-A1ED640C63C0}.Release|x64.Build.0 = Release|x64
		{ADC88105-D90C-4F88-97D4-A1ED640C63C0}.Release|x86.ActiveCfg = Release|Win32
		{ADC88105-D90C-4F88-97D4-A1ED640C63C0}.Release|x86.Build.0 = Release|Win32
		{A635874D-9AE7-41D1-965B-EA78E8536EF1}.Debug|x64.ActiveCfg = Debug|x64
		{A635874D-9AE7-41D1-965B-EA78E8536EF1}.Debug|x64.Build.0 = Debug|x64
		{A635874D-9AE7-41D1-965B-EA78E8536EF1}.Debug|x86.ActiveCfg = Debug|Win32
		{A635874D-9AE7-41D1-965B-EA78E8536EF1}.Debug|x86.Build.0 = Debug|Win32
		{A635874D-9AE7-41D1-965B-EA78E8536EF1}.Release|x64.ActiveCfg = Release|x64
		{A635874D-9AE7-41D1-965B-EA78E8536EF1}.Release|x64.Build.0 = Release|x64
		{A635874D-9AE7-41D1-965B-EA78E8536EF1}.Release|x86.ActiveCfg = Release|Win32
		{A635874D-9AE7-41D1-965B-EA78E8536EF1}.Release|x86.Build.0 = Release|Win32
		{3CED8F31-8A52-42C8-9670-931DDAFC3D4E}.Debug|x64.ActiveCfg = Debug|x64
		{3CED8F31-8A52-42C8-9670-931DDAFC3D4E}.Debug|x64.Build.0 = Debug|x64
		{3CED8F31-8A52-42C8-9670-931DDAFC3D4E}.Debug|x86.ActiveCfg = Debug|Win32
		{3CED8F31-8A52-42C8-9670-931DDAFC3D4E}.Debug|x86.Build.0 = Debug|Win32
		{3CED8F31-8A52-42C8-9670-931DDAFC3D4E}.Release|x64.ActiveCfg = Release|x64
		{3CED8F31-8A52-42C8-9670-931DDAFC3D4E}.Release|x64.Build.0 = Release|x64
		{3CED8F31-8A52-42C8-9670-931DDAFC3D4E}.Release|x86.ActiveCfg = Release|Win32
		{3CED8F31-8A52-42C8-9670-931DDAFC3D4E}.Release|x86.Build.0 = Release|Win32
	EndGlobalSection
	GlobalSection(SolutionProperties) = preSolution
		HideSolutionNode = FALSE
	EndGlobalSection
	GlobalSection(ExtensibilityGlobals) = postSolution
		SolutionGuid = {CC8142BD-8426-4A48-94DD-7560D3BA8C15}
	EndGlobalSection
EndGlobal
